PODS:
  - Alamofire (5.0.0-rc.3)
  - Kingfisher (5.10.1):
    - Kingfisher/Core (= 5.10.1)
  - Kingfisher/Core (5.10.1)
  - MBProgressHUD (1.1.0)
  - SwiftLint (0.37.0)

DEPENDENCIES:
  - Alamofire (= 5.0.0-rc.3)
  - Kingfisher (~> 5.10)
  - MBProgressHUD (~> 1.1)
  - SwiftLint

SPEC REPOS:
  trunk:
    - Alamofire
    - Kingfisher
    - MBProgressHUD
    - SwiftLint

SPEC CHECKSUMS:
  Alamofire: ca8c0de6906873be89d6deec5c8de279e00bf872
  Kingfisher: eb36b7dfcc78d60877051c92c119a2865972961a
  MBProgressHUD: e7baa36a220447d8aeb12769bf0585582f3866d9
  SwiftLint: c078a14d7d7ade75e5507795d185e3da41d844d2

PODFILE CHECKSUM: 504bbaf40fe7ab9dedd1b294f8394dfda1a0495e

COCOAPODS: 1.8.4
